// !$*UTF8*$!
{
	archiveVersion = 1;
	classes = {
	};
	objectVersion = 77;
	objects = {

/* Begin PBXContainerItemProxy section */
		E20FA2582DDCD3EE00E35A38 /* PBXContainerItemProxy */ = {
			isa = PBXContainerItemProxy;
			containerPortal = E20FA2402DDCD3ED00E35A38 /* Project object */;
			proxyType = 1;
			remoteGlobalIDString = E20FA2472DDCD3ED00E35A38;
			remoteInfo = JobFinder;
		};
		E20FA2622DDCD3EE00E35A38 /* PBXContainerItemProxy */ = {
			isa = PBXContainerItemProxy;
			containerPortal = E20FA2402DDCD3ED00E35A38 /* Project object */;
			proxyType = 1;
			remoteGlobalIDString = E20FA2472DDCD3ED00E35A38;
			remoteInfo = JobFinder;
		};
/* End PBXContainerItemProxy section */

/* Begin PBXFileReference section */
		E20FA2482DDCD3ED00E35A38 /* JobFinder.app */ = {isa = PBXFileReference; explicitFileType = wrapper.application; includeInIndex = 0; path = JobFinder.app; sourceTree = BUILT_PRODUCTS_DIR; };
		E20FA2572DDCD3EE00E35A38 /* JobFinderTests.xctest */ = {isa = PBXFileReference; explicitFileType = wrapper.cfbundle; includeInIndex = 0; path = JobFinderTests.xctest; sourceTree = BUILT_PRODUCTS_DIR; };
		E20FA2612DDCD3EE00E35A38 /* JobFinderUITests.xctest */ = {isa = PBXFileReference; explicitFileType = wrapper.cfbundle; includeInIndex = 0; path = JobFinderUITests.xctest; sourceTree = BUILT_PRODUCTS_DIR; };
/* End PBXFileReference section */

/* Begin PBXFileSystemSynchronizedBuildFileExceptionSet section */
		E20FA2782DDCD43500E35A38 /* Exceptions for "JobFinder" folder in "JobFinderTests" target */ = {
			isa = PBXFileSystemSynchronizedBuildFileExceptionSet;
			membershipExceptions = (
				Model.xcdatamodeld,
			);
			target = E20FA2562DDCD3EE00E35A38 /* JobFinderTests */;
		};
		E20FA2792DDCD43500E35A38 /* Exceptions for "JobFinder" folder in "JobFinderUITests" target */ = {
			isa = PBXFileSystemSynchronizedBuildFileExceptionSet;
			membershipExceptions = (
				Model.xcdatamodeld,
			);
			target = E20FA2602DDCD3EE00E35A38 /* JobFinderUITests */;
		};
/* End PBXFileSystemSynchronizedBuildFileExceptionSet section */

/* Begin PBXFileSystemSynchronizedRootGroup section */
		E20FA24A2DDCD3ED00E35A38 /* JobFinder */ = {
			isa = PBXFileSystemSynchronizedRootGroup;
			exceptions = (
				E20FA2782DDCD43500E35A38 /* Exceptions for "JobFinder" folder in "JobFinderTests" target */,
				E20FA2792DDCD43500E35A38 /* Exceptions for "JobFinder" folder in "JobFinderUITests" target */,
			);
			path = JobFinder;
			sourceTree = "<group>";
		};
		E20FA25A2DDCD3EE00E35A38 /* JobFinderTests */ = {
			isa = PBXFileSystemSynchronizedRootGroup;
			path = JobFinderTests;
			sourceTree = "<group>";
		};
		E20FA2642DDCD3EE00E35A38 /* JobFinderUITests */ = {
			isa = PBXFileSystemSynchronizedRootGroup;
			path = JobFinderUITests;
			sourceTree = "<group>";
		};
/* End PBXFileSystemSynchronizedRootGroup section */

/* Begin PBXFrameworksBuildPhase section */
		E20FA2452DDCD3ED00E35A38 /* Frameworks */ = {
			isa = PBXFrameworksBuildPhase;
			buildActionMask = 2147483647;
			files = (
			);
			runOnlyForDeploymentPostprocessing = 0;
		};
		E20FA2542DDCD3EE00E35A38 /* Frameworks */ = {
			isa = PBXFrameworksBuildPhase;
			buildActionMask = 2147483647;
			files = (
			);
			runOnlyForDeploymentPostprocessing = 0;
		};
		E20FA25E2DDCD3EE00E35A38 /* Frameworks */ = {
			isa = PBXFrameworksBuildPhase;
			buildActionMask = 2147483647;
			files = (
			);
			runOnlyForDeploymentPostprocessing = 0;
		};
/* End PBXFrameworksBuildPhase section */

/* Begin PBXGroup section */
		E20FA23F2DDCD3ED00E35A38 = {
			isa = PBXGroup;
			children = (
				E20FA24A2DDCD3ED00E35A38 /* JobFinder */,
				E20FA25A2DDCD3EE00E35A38 /* JobFinderTests */,
				E20FA2642DDCD3EE00E35A38 /* JobFinderUITests */,
				E20FA2492DDCD3ED00E35A38 /* Products */,
			);
			sourceTree = "<group>";
		};
		E20FA2492DDCD3ED00E35A38 /* Products */ = {
			isa = PBXGroup;
			children = (
				E20FA2482DDCD3ED00E35A38 /* JobFinder.app */,
				E20FA2572DDCD3EE00E35A38 /* JobFinderTests.xctest */,
				E20FA2612DDCD3EE00E35A38 /* JobFinderUITests.xctest */,
			);
			name = Products;
			sourceTree = "<group>";
		};
/* End PBXGroup section */

/* Begin PBXNativeTarget section */
		E20FA2472DDCD3ED00E35A38 /* JobFinder */ = {
			isa = PBXNativeTarget;
			buildConfigurationList = E20FA26B2DDCD3EE00E35A38 /* Build configuration list for PBXNativeTarget "JobFinder" */;
			buildPhases = (
				E20FA2442DDCD3ED00E35A38 /* Sources */,
				E20FA2452DDCD3ED00E35A38 /* Frameworks */,
				E20FA2462DDCD3ED00E35A38 /* Resources */,
			);
			buildRules = (
			);
			dependencies = (
			);
			fileSystemSynchronizedGroups = (
				E20FA24A2DDCD3ED00E35A38 /* JobFinder */,
			);
			name = JobFinder;
			packageProductDependencies = (
			);
			productName = JobFinder;
			productReference = E20FA2482DDCD3ED00E35A38 /* JobFinder.app */;
			productType = "com.apple.product-type.application";
		};
		E20FA2562DDCD3EE00E35A38 /* JobFinderTests */ = {
			isa = PBXNativeTarget;
			buildConfigurationList = E20FA26E2DDCD3EE00E35A38 /* Build configuration list for PBXNativeTarget "JobFinderTests" */;
			buildPhases = (
				E20FA2532DDCD3EE00E35A38 /* Sources */,
				E20FA2542DDCD3EE00E35A38 /* Frameworks */,
				E20FA2552DDCD3EE00E35A38 /* Resources */,
			);
			buildRules = (
			);
			dependencies = (
				E20FA2592DDCD3EE00E35A38 /* PBXTargetDependency */,
			);
			fileSystemSynchronizedGroups = (
				E20FA25A2DDCD3EE00E35A38 /* JobFinderTests */,
			);
			name = JobFinderTests;
			packageProductDependencies = (
			);
			productName = JobFinderTests;
			productReference = E20FA2572DDCD3EE00E35A38 /* JobFinderTests.xctest */;
			productType = "com.apple.product-type.bundle.unit-test";
		};
		E20FA2602DDCD3EE00E35A38 /* JobFinderUITests */ = {
			isa = PBXNativeTarget;
			buildConfigurationList = E20FA2712DDCD3EE00E35A38 /* Build configuration list for PBXNativeTarget "JobFinderUITests" */;
			buildPhases = (
				E20FA25D2DDCD3EE00E35A38 /* Sources */,
				E20FA25E2DDCD3EE00E35A38 /* Frameworks */,
				E20FA25F2DDCD3EE00E35A38 /* Resources */,
			);
			buildRules = (
			);
			dependencies = (
				E20FA2632DDCD3EE00E35A38 /* PBXTargetDependency */,
			);
			fileSystemSynchronizedGroups = (
				E20FA2642DDCD3EE00E35A38 /* JobFinderUITests */,
			);
			name = JobFinderUITests;
			packageProductDependencies = (
			);
			productName = JobFinderUITests;
			productReference = E20FA2612DDCD3EE00E35A38 /* JobFinderUITests.xctest */;
			productType = "com.apple.product-type.bundle.ui-testing";
		};
/* End PBXNativeTarget section */

/* Begin PBXProject section */
		E20FA2402DDCD3ED00E35A38 /* Project object */ = {
			isa = PBXProject;
			attributes = {
				BuildIndependentTargetsInParallel = 1;
				LastSwiftUpdateCheck = 1630;
				LastUpgradeCheck = 1630;
				TargetAttributes = {
					E20FA2472DDCD3ED00E35A38 = {
						CreatedOnToolsVersion = 16.3;
					};
					E20FA2562DDCD3EE00E35A38 = {
						CreatedOnToolsVersion = 16.3;
						TestTargetID = E20FA2472DDCD3ED00E35A38;
					};
					E20FA2602DDCD3EE00E35A38 = {
						CreatedOnToolsVersion = 16.3;
						TestTargetID = E20FA2472DDCD3ED00E35A38;
					};
				};
			};
			buildConfigurationList = E20FA2432DDCD3ED00E35A38 /* Build configuration list for PBXProject "JobFinder" */;
			developmentRegion = en;
			hasScannedForEncodings = 0;
			knownRegions = (
				en,
				Base,
			);
			mainGroup = E20FA23F2DDCD3ED00E35A38;
			minimizedProjectReferenceProxies = 1;
			preferredProjectObjectVersion = 77;
			productRefGroup = E20FA2492DDCD3ED00E35A38 /* Products */;
			projectDirPath = "";
			projectRoot = "";
			targets = (
				E20FA2472DDCD3ED00E35A38 /* JobFinder */,
				E20FA2562DDCD3EE00E35A38 /* JobFinderTests */,
				E20FA2602DDCD3EE00E35A38 /* JobFinderUITests */,
			);
		};
/* End PBXProject section */

/* Begin PBXResourcesBuildPhase section */
		E20FA2462DDCD3ED00E35A38 /* Resources */ = {
			isa = PBXResourcesBuildPhase;
			buildActionMask = 2147483647;
			files = (
			);
			runOnlyForDeploymentPostprocessing = 0;
		};
		E20FA2552DDCD3EE00E35A38 /* Resources */ = {
			isa = PBXResourcesBuildPhase;
			buildActionMask = 2147483647;
			files = (
			);
			runOnlyForDeploymentPostprocessing = 0;
		};
		E20FA25F2DDCD3EE00E35A38 /* Resources */ = {
			isa = PBXResourcesBuildPhase;
			buildActionMask = 2147483647;
			files = (
			);
			runOnlyForDeploymentPostprocessing = 0;
		};
/* End PBXResourcesBuildPhase section */

/* Begin PBXSourcesBuildPhase section */
		E20FA2442DDCD3ED00E35A38 /* Sources */ = {
			isa = PBXSourcesBuildPhase;
			buildActionMask = 2147483647;
			files = (
			);
			runOnlyForDeploymentPostprocessing = 0;
		};
		E20FA2532DDCD3EE00E35A38 /* Sources */ = {
			isa = PBXSourcesBuildPhase;
			buildActionMask = 2147483647;
			files = (
			);
			runOnlyForDeploymentPostprocessing = 0;
		};
		E20FA25D2DDCD3EE00E35A38 /* Sources */ = {
			isa = PBXSourcesBuildPhase;
			buildActionMask = 2147483647;
			files = (
			);
			runOnlyForDeploymentPostprocessing = 0;
		};
/* End PBXSourcesBuildPhase section */

/* Begin PBXTargetDependency section */
		E20FA2592DDCD3EE00E35A38 /* PBXTargetDependency */ = {
			isa = PBXTargetDependency;
			target = E20FA2472DDCD3ED00E35A38 /* JobFinder */;
			targetProxy = E20FA2582DDCD3EE00E35A38 /* PBXContainerItemProxy */;
		};
		E20FA2632DDCD3EE00E35A38 /* PBXTargetDependency */ = {
			isa = PBXTargetDependency;
			target = E20FA2472DDCD3ED00E35A38 /* JobFinder */;
			targetProxy = E20FA2622DDCD3EE00E35A38 /* PBXContainerItemProxy */;
		};
/* End PBXTargetDependency section */

/* Begin XCBuildConfiguration section */
		E20FA2692DDCD3EE00E35A38 /* Debug */ = {
			isa = XCBuildConfiguration;
			buildSettings = {
				ALWAYS_SEARCH_USER_PATHS = NO;
				ASSETCATALOG_COMPILER_GENERATE_SWIFT_ASSET_SYMBOL_EXTENSIONS = YES;
				CLANG_ANALYZER_NONNULL = YES;
				CLANG_ANALYZER_NUMBER_OBJECT_CONVERSION = YES_AGGRESSIVE;
				CLANG_CXX_LANGUAGE_STANDARD = "gnu++20";
				CLANG_ENABLE_MODULES = YES;
				CLANG_ENABLE_OBJC_ARC = YES;
				CLANG_ENABLE_OBJC_WEAK = YES;
				CLANG_WARN_BLOCK_CAPTURE_AUTORELEASING = YES;
				CLANG_WARN_BOOL_CONVERSION = YES;
				CLANG_WARN_COMMA = YES;
				CLANG_WARN_CONSTANT_CONVERSION = YES;
				CLANG_WARN_DEPRECATED_OBJC_IMPLEMENTATIONS = YES;
				CLANG_WARN_DIRECT_OBJC_ISA_USAGE = YES_ERROR;
				CLANG_WARN_DOCUMENTATION_COMMENTS = YES;
				CLANG_WARN_EMPTY_BODY = YES;
				CLANG_WARN_ENUM_CONVERSION = YES;
				CLANG_WARN_INFINITE_RECURSION = YES;
				CLANG_WARN_INT_CONVERSION = YES;
				CLANG_WARN_NON_LITERAL_NULL_CONVERSION = YES;
				CLANG_WARN_OBJC_IMPLICIT_RETAIN_SELF = YES;
				CLANG_WARN_OBJC_LITERAL_CONVERSION = YES;
				CLANG_WARN_OBJC_ROOT_CLASS = YES_ERROR;
				CLANG_WARN_QUOTED_INCLUDE_IN_FRAMEWORK_HEADER = YES;
				CLANG_WARN_RANGE_LOOP_ANALYSIS = YES;
				CLANG_WARN_STRICT_PROTOTYPES = YES;
				CLANG_WARN_SUSPICIOUS_MOVE = YES;
				CLANG_WARN_UNGUARDED_AVAILABILITY = YES_AGGRESSIVE;
				CLANG_WARN_UNREACHABLE_CODE = YES;
				CLANG_WARN__DUPLICATE_METHOD_MATCH = YES;
				COPY_PHASE_STRIP = NO;
				DEBUG_INFORMATION_FORMAT = dwarf;
				ENABLE_STRICT_OBJC_MSGSEND = YES;
				ENABLE_TESTABILITY = YES;
				ENABLE_USER_SCRIPT_SANDBOXING = YES;
				GCC_C_LANGUAGE_STANDARD = gnu17;
				GCC_DYNAMIC_NO_PIC = NO;
				GCC_NO_COMMON_BLOCKS = YES;
				GCC_OPTIMIZATION_LEVEL = 0;
				GCC_PREPROCESSOR_DEFINITIONS = (
					"DEBUG=1",
					"$(inherited)",
				);
				GCC_WARN_64_TO_32_BIT_CONVERSION = YES;
				GCC_WARN_ABOUT_RETURN_TYPE = YES_ERROR;
				GCC_WARN_UNDECLARED_SELECTOR = YES;
				GCC_WARN_UNINITIALIZED_AUTOS = YES_AGGRESSIVE;
				GCC_WARN_UNUSED_FUNCTION = YES;
				GCC_WARN_UNUSED_VARIABLE = YES;
				IPHONEOS_DEPLOYMENT_TARGET = 18.4;
				LOCALIZATION_PREFERS_STRING_CATALOGS = YES;
				MTL_ENABLE_DEBUG_INFO = INCLUDE_SOURCE;
				MTL_FAST_MATH = YES;
				ONLY_ACTIVE_ARCH = YES;
				SDKROOT = iphoneos;
				SWIFT_ACTIVE_COMPILATION_CONDITIONS = "DEBUG $(inherited)";
				SWIFT_OPTIMIZATION_LEVEL = "-Onone";
			};
			name = Debug;
		};
		E20FA26A2DDCD3EE00E35A38 /* Release */ = {
			isa = XCBuildConfiguration;
			buildSettings = {
				ALWAYS_SEARCH_USER_PATHS = NO;
				ASSETCATALOG_COMPILER_GENERATE_SWIFT_ASSET_SYMBOL_EXTENSIONS = YES;
				CLANG_ANALYZER_NONNULL = YES;
				CLANG_ANALYZER_NUMBER_OBJECT_CONVERSION = YES_AGGRESSIVE;
				CLANG_CXX_LANGUAGE_STANDARD = "gnu++20";
				CLANG_ENABLE_MODULES = YES;
				CLANG_ENABLE_OBJC_ARC = YES;
				CLANG_ENABLE_OBJC_WEAK = YES;
				CLANG_WARN_BLOCK_CAPTURE_AUTORELEASING = YES;
				CLANG_WARN_BOOL_CONVERSION = YES;
				CLANG_WARN_COMMA = YES;
				CLANG_WARN_CONSTANT_CONVERSION = YES;
				CLANG_WARN_DEPRECATED_OBJC_IMPLEMENTATIONS = YES;
				CLANG_WARN_DIRECT_OBJC_ISA_USAGE = YES_ERROR;
				CLANG_WARN_DOCUMENTATION_COMMENTS = YES;
				CLANG_WARN_EMPTY_BODY = YES;
				CLANG_WARN_ENUM_CONVERSION = YES;
				CLANG_WARN_INFINITE_RECURSION = YES;
				CLANG_WARN_INT_CONVERSION = YES;
				CLANG_WARN_NON_LITERAL_NULL_CONVERSION = YES;
				CLANG_WARN_OBJC_IMPLICIT_RETAIN_SELF = YES;
				CLANG_WARN_OBJC_LITERAL_CONVERSION = YES;
				CLANG_WARN_OBJC_ROOT_CLASS = YES_ERROR;
				CLANG_WARN_QUOTED_INCLUDE_IN_FRAMEWORK_HEADER = YES;
				CLANG_WARN_RANGE_LOOP_ANALYSIS = YES;
				CLANG_WARN_STRICT_PROTOTYPES = YES;
				CLANG_WARN_SUSPICIOUS_MOVE = YES;
				CLANG_WARN_UNGUARDED_AVAILABILITY = YES_AGGRESSIVE;
				CLANG_WARN_UNREACHABLE_CODE = YES;
				CLANG_WARN__DUPLICATE_METHOD_MATCH = YES;
				COPY_PHASE_STRIP = NO;
				DEBUG_INFORMATION_FORMAT = "dwarf-with-dsym";
				ENABLE_NS_ASSERTIONS = NO;
				ENABLE_STRICT_OBJC_MSGSEND = YES;
				ENABLE_USER_SCRIPT_SANDBOXING = YES;
				GCC_C_LANGUAGE_STANDARD = gnu17;
				GCC_NO_COMMON_BLOCKS = YES;
				GCC_WARN_64_TO_32_BIT_CONVERSION = YES;
				GCC_WARN_ABOUT_RETURN_TYPE = YES_ERROR;
				GCC_WARN_UNDECLARED_SELECTOR = YES;
				GCC_WARN_UNINITIALIZED_AUTOS = YES_AGGRESSIVE;
				GCC_WARN_UNUSED_FUNCTION = YES;
				GCC_WARN_UNUSED_VARIABLE = YES;
				IPHONEOS_DEPLOYMENT_TARGET = 18.4;
				LOCALIZATION_PREFERS_STRING_CATALOGS = YES;
				MTL_ENABLE_DEBUG_INFO = NO;
				MTL_FAST_MATH = YES;
				SDKROOT = iphoneos;
				SWIFT_COMPILATION_MODE = wholemodule;
				VALIDATE_PRODUCT = YES;
			};
			name = Release;
		};
		E20FA26C2DDCD3EE00E35A38 /* Debug */ = {
			isa = XCBuildConfiguration;
			buildSettings = {
				ASSETCATALOG_COMPILER_APPICON_NAME = AppIcon;
				ASSETCATALOG_COMPILER_GLOBAL_ACCENT_COLOR_NAME = AccentColor;
				CODE_SIGN_STYLE = Automatic;
				CURRENT_PROJECT_VERSION = 1;
				ENABLE_PREVIEWS = YES;
				GENERATE_INFOPLIST_FILE = YES;
				INFOPLIST_KEY_UIApplicationSceneManifest_Generation = YES;
				INFOPLIST_KEY_UIApplicationSupportsIndirectInputEvents = YES;
				INFOPLIST_KEY_UILaunchScreen_Generation = YES;
				INFOPLIST_KEY_UISupportedInterfaceOrientations_iPad = "UIInterfaceOrientationPortrait UIInterfaceOrientationPortraitUpsideDown UIInterfaceOrientationLandscapeLeft UIInterfaceOrientationLandscapeRight";
				INFOPLIST_KEY_UISupportedInterfaceOrientations_iPhone = "UIInterfaceOrientationPortrait UIInterfaceOrientationLandscapeLeft UIInterfaceOrientationLandscapeRight";
				LD_RUNPATH_SEARCH_PATHS = (
					"$(inherited)",
					"@executable_path/Frameworks",
				);
				MARKETING_VERSION = 1.0;
				PRODUCT_BUNDLE_IDENTIFIER = io1.JobFinder;
				PRODUCT_NAME = "$(TARGET_NAME)";
				SWIFT_EMIT_LOC_STRINGS = YES;
				SWIFT_VERSION = 5.0;
				TARGETED_DEVICE_FAMILY = "1,2";
			};
			name = Debug;
		};
		E20FA26D2DDCD3EE00E35A38 /* Release */ = {
			isa = XCBuildConfiguration;
			buildSettings = {
				ASSETCATALOG_COMPILER_APPICON_NAME = AppIcon;
				ASSETCATALOG_COMPILER_GLOBAL_ACCENT_COLOR_NAME = AccentColor;
				CODE_SIGN_STYLE = Automatic;
				CURRENT_PROJECT_VERSION = 1;
				ENABLE_PREVIEWS = YES;
				GENERATE_INFOPLIST_FILE = YES;
				INFOPLIST_KEY_UIApplicationSceneManifest_Generation = YES;
				INFOPLIST_KEY_UIApplicationSupportsIndirectInputEvents = YES;
				INFOPLIST_KEY_UILaunchScreen_Generation = YES;
				INFOPLIST_KEY_UISupportedInterfaceOrientations_iPad = "UIInterfaceOrientationPortrait UIInterfaceOrientationPortraitUpsideDown UIInterfaceOrientationLandscapeLeft UIInterfaceOrientationLandscapeRight";
				INFOPLIST_KEY_UISupportedInterfaceOrientations_iPhone = "UIInterfaceOrientationPortrait UIInterfaceOrientationLandscapeLeft UIInterfaceOrientationLandscapeRight";
				LD_RUNPATH_SEARCH_PATHS = (
					"$(inherited)",
					"@executable_path/Frameworks",
				);
				MARKETING_VERSION = 1.0;
				PRODUCT_BUNDLE_IDENTIFIER = io1.JobFinder;
				PRODUCT_NAME = "$(TARGET_NAME)";
				SWIFT_EMIT_LOC_STRINGS = YES;
				SWIFT_VERSION = 5.0;
				TARGETED_DEVICE_FAMILY = "1,2";
			};
			name = Release;
		};
		E20FA26F2DDCD3EE00E35A38 /* Debug */ = {
			isa = XCBuildConfiguration;
			buildSettings = {
				BUNDLE_LOADER = "$(TEST_HOST)";
				CODE_SIGN_STYLE = Automatic;
				CURRENT_PROJECT_VERSION = 1;
				GENERATE_INFOPLIST_FILE = YES;
				IPHONEOS_DEPLOYMENT_TARGET = 18.4;
				MARKETING_VERSION = 1.0;
				PRODUCT_BUNDLE_IDENTIFIER = io1.JobFinderTests;
				PRODUCT_NAME = "$(TARGET_NAME)";
				SWIFT_EMIT_LOC_STRINGS = NO;
				SWIFT_VERSION = 5.0;
				TARGETED_DEVICE_FAMILY = "1,2";
				TEST_HOST = "$(BUILT_PRODUCTS_DIR)/JobFinder.app/$(BUNDLE_EXECUTABLE_FOLDER_PATH)/JobFinder";
			};
			name = Debug;
		};
		E20FA2702DDCD3EE00E35A38 /* Release */ = {
			isa = XCBuildConfiguration;
			buildSettings = {
				BUNDLE_LOADER = "$(TEST_HOST)";
				CODE_SIGN_STYLE = Automatic;
				CURRENT_PROJECT_VERSION = 1;
				GENERATE_INFOPLIST_FILE = YES;
				IPHONEOS_DEPLOYMENT_TARGET = 18.4;
				MARKETING_VERSION = 1.0;
				PRODUCT_BUNDLE_IDENTIFIER = io1.JobFinderTests;
				PRODUCT_NAME = "$(TARGET_NAME)";
				SWIFT_EMIT_LOC_STRINGS = NO;
				SWIFT_VERSION = 5.0;
				TARGETED_DEVICE_FAMILY = "1,2";
				TEST_HOST = "$(BUILT_PRODUCTS_DIR)/JobFinder.app/$(BUNDLE_EXECUTABLE_FOLDER_PATH)/JobFinder";
			};
			name = Release;
		};
		E20FA2722DDCD3EE00E35A38 /* Debug */ = {
			isa = XCBuildConfiguration;
			buildSettings = {
				CODE_SIGN_STYLE = Automatic;
				CURRENT_PROJECT_VERSION = 1;
				GENERATE_INFOPLIST_FILE = YES;
				MARKETING_VERSION = 1.0;
				PRODUCT_BUNDLE_IDENTIFIER = io1.JobFinderUITests;
				PRODUCT_NAME = "$(TARGET_NAME)";
				SWIFT_EMIT_LOC_STRINGS = NO;
				SWIFT_VERSION = 5.0;
				TARGETED_DEVICE_FAMILY = "1,2";
				TEST_TARGET_NAME = JobFinder;
			};
			name = Debug;
		};
		E20FA2732DDCD3EE00E35A38 /* Release */ = {
			isa = XCBuildConfiguration;
			buildSettings = {
				CODE_SIGN_STYLE = Automatic;
				CURRENT_PROJECT_VERSION = 1;
				GENERATE_INFOPLIST_FILE = YES;
				MARKETING_VERSION = 1.0;
				PRODUCT_BUNDLE_IDENTIFIER = io1.JobFinderUITests;
				PRODUCT_NAME = "$(TARGET_NAME)";
				SWIFT_EMIT_LOC_STRINGS = NO;
				SWIFT_VERSION = 5.0;
				TARGETED_DEVICE_FAMILY = "1,2";
				TEST_TARGET_NAME = JobFinder;
			};
			name = Release;
		};
/* End XCBuildConfiguration section */

/* Begin XCConfigurationList section */
		E20FA2432DDCD3ED00E35A38 /* Build configuration list for PBXProject "JobFinder" */ = {
			isa = XCConfigurationList;
			buildConfigurations = (
				E20FA2692DDCD3EE00E35A38 /* Debug */,
				E20FA26A2DDCD3EE00E35A38 /* Release */,
			);
			defaultConfigurationIsVisible = 0;
			defaultConfigurationName = Release;
		};
		E20FA26B2DDCD3EE00E35A38 /* Build configuration list for PBXNativeTarget "JobFinder" */ = {
			isa = XCConfigurationList;
			buildConfigurations = (
				E20FA26C2DDCD3EE00E35A38 /* Debug */,
				E20FA26D2DDCD3EE00E35A38 /* Release */,
			);
			defaultConfigurationIsVisible = 0;
			defaultConfigurationName = Release;
		};
		E20FA26E2DDCD3EE00E35A38 /* Build configuration list for PBXNativeTarget "JobFinderTests" */ = {
			isa = XCConfigurationList;
			buildConfigurations = (
				E20FA26F2DDCD3EE00E35A38 /* Debug */,
				E20FA2702DDCD3EE00E35A38 /* Release */,
			);
			defaultConfigurationIsVisible = 0;
			defaultConfigurationName = Release;
		};
		E20FA2712DDCD3EE00E35A38 /* Build configuration list for PBXNativeTarget "JobFinderUITests" */ = {
			isa = XCConfigurationList;
			buildConfigurations = (
				E20FA2722DDCD3EE00E35A38 /* Debug */,
				E20FA2732DDCD3EE00E35A38 /* Release */,
			);
			defaultConfigurationIsVisible = 0;
			defaultConfigurationName = Release;
		};
/* End XCConfigurationList section */
	};
	rootObject = E20FA2402DDCD3ED00E35A38 /* Project object */;
}
